
Microsoft Visual Studio Solution File, Format Version 12.00
# Visual Studio Version 16
VisualStudioVersion = 16.0.32002.261
MinimumVisualStudioVersion = 10.0.40219.1
Project("{FAE04EC0-301F-11D3-BF4B-00C04F79EFBC}") = "WebApplication4", "WebApplication4.csproj", "{A471B2E6-8B9E-47CE-A169-AD3E9ACDBC43}"
EndProject
Global
	GlobalSection(SolutionConfigurationPlatforms) = preSolution
		Debug|Any CPU = Debug|Any CPU
		Release|Any CPU = Release|Any CPU
	EndGlobalSection
	GlobalSection(ProjectConfigurationPlatforms) = postSolution
		{A471B2E6-8B9E-47CE-A169-AD3E9ACDBC43}.Debug|Any CPU.ActiveCfg = Debug|Any CPU
		{A471B2E6-8B9E-47CE-A169-AD3E9ACDBC43}.Debug|Any CPU.Build.0 = Debug|Any CPU
		{A471B2E6-8B9E-47CE-A169-AD3E9ACDBC43}.Release|Any CPU.ActiveCfg = Release|Any CPU
		{A471B2E6-8B9E-47CE-A169-AD3E9ACDBC43}.Release|Any CPU.Build.0 = Release|Any CPU
	EndGlobalSection
	GlobalSection(SolutionProperties) = preSolution
		HideSolutionNode = FALSE
	EndGlobalSection
	GlobalSection(ExtensibilityGlobals) = postSolution
		SolutionGuid = {B07F95BD-77F9-4F66-B324-D4D4F778E3EC}
	EndGlobalSection
EndGlobal
